{
    "_readme": [
        "This file locks the dependencies of your project to a known state",
        "Read more about it at https://getcomposer.org/doc/01-basic-usage.md#composer-lock-the-lock-file",
        "This file is @generated automatically"
    ],
    "content-hash": "2714ca4b69936af81806e08668fdc6f2",
    "packages": [
        {
            "name": "izomorry4/bracket_checker",
            "version": "dev-master",
            "source": {
                "type": "git",
                "url": "https://github.com/izomorry4/bracket_checker.git",
                "reference": "8fed72afb1a4e7e8a974a6a6996172c6f84b0034"
            },
            "dist": {
                "type": "zip",
                "url": "https://api.github.com/repos/izomorry4/bracket_checker/zipball/8fed72afb1a4e7e8a974a6a6996172c6f84b0034",
                "reference": "8fed72afb1a4e7e8a974a6a6996172c6f84b0034",
                "shasum": ""
            },
            "type": "library",
            "notification-url": "https://packagist.org/downloads/",
            "license": [
                "proprietary"
            ],
            "authors": [
                {
                    "name": "izomorry4",
                    "email": "izomorry4@yandex.ru"
                }
            ],
            "description": "First task in Otus",
            "time": "2018-01-10T20:59:42+00:00"
        }
    ],
    "packages-dev": [],
    "aliases": [],
    "minimum-stability": "stable",
    "stability-flags": {
        "izomorry4/bracket_checker": 20
    },
    "prefer-stable": false,
    "prefer-lowest": false,
    "platform": [],
    "platform-dev": []
}
